# THIS IS AN AUTOGENERATED FILE. DO NOT EDIT THIS FILE DIRECTLY.
# yarn lockfile v1


"@types/node@^14.14.3":
  version "14.14.3"
  resolved "https://registry.yarnpkg.com/@types/node/-/node-14.14.3.tgz#e1c09064121f894baaad2bd9f12ce4a41bffb274"
  integrity sha512-33/L34xS7HVUx23e0wOT2V1qPF1IrHgQccdJVm9uXGTB9vFBrrzBtkQymT8VskeKOxjz55MSqMv0xuLq+u98WQ==

"@types/trusted-types@^1.0.6":
  version "1.0.6"
  resolved "https://registry.yarnpkg.com/@types/trusted-types/-/trusted-types-1.0.6.tgz#569b8a08121d3203398290d602d84d73c8dcf5da"
  integrity sha512-230RC8sFeHoT6sSUlRO6a8cAnclO06eeiq1QDfiv2FGCLWFvvERWgwIQD4FWqD9A69BN7Lzee4OXwoMVnnsWDw==

domino@Siegrift/domino#configurable:
  version "2.1.6"
  resolved "https://codeload.github.com/Siegrift/domino/tar.gz/70d427283215ba7ac99083bb4dc2fb41754d684f"

"trusted-types@link:../..":
  version "0.0.0"
  uid ""

typescript@^4.0.3:
  version "4.0.3"
  resolved "https://registry.yarnpkg.com/typescript/-/typescript-4.0.3.tgz#153bbd468ef07725c1df9c77e8b453f8d36abba5"
  integrity sha512-tEu6DGxGgRJPb/mVPIZ48e69xCn2yRmCgYmDugAVwmJ6o+0u1RI18eO7E7WBTLYLaEVVOhwQmcdhQHweux/WPg==
